
Microsoft Visual Studio Solution File, Format Version 12.00
# Visual Studio Version 17
VisualStudioVersion = 17.6.33417.168
MinimumVisualStudioVersion = 10.0.40219.1
Project("{FAE04EC0-301F-11D3-BF4B-00C04F79EFBC}") = "TariffComparison", "TariffComparison\TariffComparison.csproj", "{17A4499F-2E6B-47C1-8242-5283939E1E68}"
EndProject
Project("{FAE04EC0-301F-11D3-BF4B-00C04F79EFBC}") = "TariffComparison.Tests", "TariffComparison.Tests\TariffComparison.Tests.csproj", "{F8AB15EF-9E00-4D6F-ABA3-9EA5E6C7D23F}"
EndProject
Global
	GlobalSection(SolutionConfigurationPlatforms) = preSolution
		Debug|Any CPU = Debug|Any CPU
		Release|Any CPU = Release|Any CPU
	EndGlobalSection
	GlobalSection(ProjectConfigurationPlatforms) = postSolution
		{17A4499F-2E6B-47C1-8242-5283939E1E68}.Debug|Any CPU.ActiveCfg = Debug|Any CPU
		{17A4499F-2E6B-47C1-8242-5283939E1E68}.Debug|Any CPU.Build.0 = Debug|Any CPU
		{17A4499F-2E6B-47C1-8242-5283939E1E68}.Release|Any CPU.ActiveCfg = Release|Any CPU
		{17A4499F-2E6B-47C1-8242-5283939E1E68}.Release|Any CPU.Build.0 = Release|Any CPU
		{F8AB15EF-9E00-4D6F-ABA3-9EA5E6C7D23F}.Debug|Any CPU.ActiveCfg = Debug|Any CPU
		{F8AB15EF-9E00-4D6F-ABA3-9EA5E6C7D23F}.Debug|Any CPU.Build.0 = Debug|Any CPU
		{F8AB15EF-9E00-4D6F-ABA3-9EA5E6C7D23F}.Release|Any CPU.ActiveCfg = Release|Any CPU
		{F8AB15EF-9E00-4D6F-ABA3-9EA5E6C7D23F}.Release|Any CPU.Build.0 = Release|Any CPU
	EndGlobalSection
	GlobalSection(SolutionProperties) = preSolution
		HideSolutionNode = FALSE
	EndGlobalSection
	GlobalSection(ExtensibilityGlobals) = postSolution
		SolutionGuid = {BFE5CDB9-C66A-447F-BF9B-51EADC0AD238}
	EndGlobalSection
EndGlobal
